
Microsoft Visual Studio Solution File, Format Version 12.00
# Visual Studio Version 17
VisualStudioVersion = 17.4.33205.214
MinimumVisualStudioVersion = 10.0.40219.1
Project("{FAE04EC0-301F-11D3-BF4B-00C04F79EFBC}") = "Library.Api", "Library.Api\Library.Api.csproj", "{E51E61C6-6FB0-40EC-BEA0-938B82343124}"
EndProject
Project("{FAE04EC0-301F-11D3-BF4B-00C04F79EFBC}") = "Library.Application", "Library.Application\Library.Application.csproj", "{B9F4A8B0-8A4B-4D5C-A19A-19DC7C9B264B}"
EndProject
Project("{FAE04EC0-301F-11D3-BF4B-00C04F79EFBC}") = "Library.Domain", "Library.Domain\Library.Domain.csproj", "{B781B486-15E3-4F80-BDCD-BC186795E47F}"
EndProject
Project("{FAE04EC0-301F-11D3-BF4B-00C04F79EFBC}") = "Library.Persistence", "Library.Persistence\Library.Persistence.csproj", "{7601EC16-835A-4343-BE03-4DF38978EA0A}"
EndProject
Project("{FAE04EC0-301F-11D3-BF4B-00C04F79EFBC}") = "Library.Infrastructure", "Library.Infrastructure\Library.Infrastructure.csproj", "{A6741CCC-C0DF-4124-9743-CCB624D1C393}"
EndProject
Global
	GlobalSection(SolutionConfigurationPlatforms) = preSolution
		Debug|Any CPU = Debug|Any CPU
		Release|Any CPU = Release|Any CPU
	EndGlobalSection
	GlobalSection(ProjectConfigurationPlatforms) = postSolution
		{E51E61C6-6FB0-40EC-BEA0-938B82343124}.Debug|Any CPU.ActiveCfg = Debug|Any CPU
		{E51E61C6-6FB0-40EC-BEA0-938B82343124}.Debug|Any CPU.Build.0 = Debug|Any CPU
		{E51E61C6-6FB0-40EC-BEA0-938B82343124}.Release|Any CPU.ActiveCfg = Release|Any CPU
		{E51E61C6-6FB0-40EC-BEA0-938B82343124}.Release|Any CPU.Build.0 = Release|Any CPU
		{B9F4A8B0-8A4B-4D5C-A19A-19DC7C9B264B}.Debug|Any CPU.ActiveCfg = Debug|Any CPU
		{B9F4A8B0-8A4B-4D5C-A19A-19DC7C9B264B}.Debug|Any CPU.Build.0 = Debug|Any CPU
		{B9F4A8B0-8A4B-4D5C-A19A-19DC7C9B264B}.Release|Any CPU.ActiveCfg = Release|Any CPU
		{B9F4A8B0-8A4B-4D5C-A19A-19DC7C9B264B}.Release|Any CPU.Build.0 = Release|Any CPU
		{B781B486-15E3-4F80-BDCD-BC186795E47F}.Debug|Any CPU.ActiveCfg = Debug|Any CPU
		{B781B486-15E3-4F80-BDCD-BC186795E47F}.Debug|Any CPU.Build.0 = Debug|Any CPU
		{B781B486-15E3-4F80-BDCD-BC186795E47F}.Release|Any CPU.ActiveCfg = Release|Any CPU
		{B781B486-15E3-4F80-BDCD-BC186795E47F}.Release|Any CPU.Build.0 = Release|Any CPU
		{7601EC16-835A-4343-BE03-4DF38978EA0A}.Debug|Any CPU.ActiveCfg = Debug|Any CPU
		{7601EC16-835A-4343-BE03-4DF38978EA0A}.Debug|Any CPU.Build.0 = Debug|Any CPU
		{7601EC16-835A-4343-BE03-4DF38978EA0A}.Release|Any CPU.ActiveCfg = Release|Any CPU
		{7601EC16-835A-4343-BE03-4DF38978EA0A}.Release|Any CPU.Build.0 = Release|Any CPU
		{A6741CCC-C0DF-4124-9743-CCB624D1C393}.Debug|Any CPU.ActiveCfg = Debug|Any CPU
		{A6741CCC-C0DF-4124-9743-CCB624D1C393}.Debug|Any CPU.Build.0 = Debug|Any CPU
		{A6741CCC-C0DF-4124-9743-CCB624D1C393}.Release|Any CPU.ActiveCfg = Release|Any CPU
		{A6741CCC-C0DF-4124-9743-CCB624D1C393}.Release|Any CPU.Build.0 = Release|Any CPU
	EndGlobalSection
	GlobalSection(SolutionProperties) = preSolution
		HideSolutionNode = FALSE
	EndGlobalSection
	GlobalSection(ExtensibilityGlobals) = postSolution
		SolutionGuid = {54BDD8A5-C385-4228-90A8-C9FA67B3134A}
	EndGlobalSection
EndGlobal
